// !$*UTF8*$!
{
	archiveVersion = 1;
	classes = {
	};
	objectVersion = 50;
	objects = {

/* Begin PBXBuildFile section */
		6CF14F9C2317495F003AB19A /* SwiftUIList WatchKit App.app in Embed Watch Content */ = {isa = PBXBuildFile; fileRef = 6CF14F9B2317495F003AB19A /* SwiftUIList WatchKit App.app */; settings = {ATTRIBUTES = (RemoveHeadersOnCopy, ); }; };
		6CF14FA22317495F003AB19A /* Interface.storyboard in Resources */ = {isa = PBXBuildFile; fileRef = 6CF14FA02317495F003AB19A /* Interface.storyboard */; };
		6CF14FA423174964003AB19A /* Assets.xcassets in Resources */ = {isa = PBXBuildFile; fileRef = 6CF14FA323174964003AB19A /* Assets.xcassets */; };
		6CF14FAB23174964003AB19A /* SwiftUIList WatchKit Extension.appex in Embed App Extensions */ = {isa = PBXBuildFile; fileRef = 6CF14FAA23174964003AB19A /* SwiftUIList WatchKit Extension.appex */; settings = {ATTRIBUTES = (RemoveHeadersOnCopy, ); }; };
		6CF14FB023174964003AB19A /* ContentView.swift in Sources */ = {isa = PBXBuildFile; fileRef = 6CF14FAF23174964003AB19A /* ContentView.swift */; };
		6CF14FB223174964003AB19A /* HostingController.swift in Sources */ = {isa = PBXBuildFile; fileRef = 6CF14FB123174964003AB19A /* HostingController.swift */; };
		6CF14FB423174964003AB19A /* ExtensionDelegate.swift in Sources */ = {isa = PBXBuildFile; fileRef = 6CF14FB323174964003AB19A /* ExtensionDelegate.swift */; };
		6CF14FB623174965003AB19A /* Assets.xcassets in Resources */ = {isa = PBXBuildFile; fileRef = 6CF14FB523174965003AB19A /* Assets.xcassets */; };
		6CF14FB923174965003AB19A /* Preview Assets.xcassets in Resources */ = {isa = PBXBuildFile; fileRef = 6CF14FB823174965003AB19A /* Preview Assets.xcassets */; };
/* End PBXBuildFile section */

/* Begin PBXContainerItemProxy section */
		6CF14F9D2317495F003AB19A /* PBXContainerItemProxy */ = {
			isa = PBXContainerItemProxy;
			containerPortal = 6CF14F912317495F003AB19A /* Project object */;
			proxyType = 1;
			remoteGlobalIDString = 6CF14F9A2317495F003AB19A;
			remoteInfo = "SwiftUIList WatchKit App";
		};
		6CF14FAC23174964003AB19A /* PBXContainerItemProxy */ = {
			isa = PBXContainerItemProxy;
			containerPortal = 6CF14F912317495F003AB19A /* Project object */;
			proxyType = 1;
			remoteGlobalIDString = 6CF14FA923174964003AB19A;
			remoteInfo = "SwiftUIList WatchKit Extension";
		};
/* End PBXContainerItemProxy section */

/* Begin PBXCopyFilesBuildPhase section */
		6CF14FC023174965003AB19A /* Embed App Extensions */ = {
			isa = PBXCopyFilesBuildPhase;
			buildActionMask = 2147483647;
			dstPath = "";
			dstSubfolderSpec = 13;
			files = (
				6CF14FAB23174964003AB19A /* SwiftUIList WatchKit Extension.appex in Embed App Extensions */,
			);
			name = "Embed App Extensions";
			runOnlyForDeploymentPostprocessing = 0;
		};
		6CF14FC423174965003AB19A /* Embed Watch Content */ = {
			isa = PBXCopyFilesBuildPhase;
			buildActionMask = 2147483647;
			dstPath = "$(CONTENTS_FOLDER_PATH)/Watch";
			dstSubfolderSpec = 16;
			files = (
				6CF14F9C2317495F003AB19A /* SwiftUIList WatchKit App.app in Embed Watch Content */,
			);
			name = "Embed Watch Content";
			runOnlyForDeploymentPostprocessing = 0;
		};
/* End PBXCopyFilesBuildPhase section */

/* Begin PBXFileReference section */
		6CF14F972317495F003AB19A /* SwiftUIList.app */ = {isa = PBXFileReference; explicitFileType = wrapper.application; includeInIndex = 0; path = SwiftUIList.app; sourceTree = BUILT_PRODUCTS_DIR; };
		6CF14F9B2317495F003AB19A /* SwiftUIList WatchKit App.app */ = {isa = PBXFileReference; explicitFileType = wrapper.application; includeInIndex = 0; path = "SwiftUIList WatchKit App.app"; sourceTree = BUILT_PRODUCTS_DIR; };
		6CF14FA12317495F003AB19A /* Base */ = {isa = PBXFileReference; lastKnownFileType = file.storyboard; name = Base; path = Base.lproj/Interface.storyboard; sourceTree = "<group>"; };
		6CF14FA323174964003AB19A /* Assets.xcassets */ = {isa = PBXFileReference; lastKnownFileType = folder.assetcatalog; path = Assets.xcassets; sourceTree = "<group>"; };
		6CF14FA523174964003AB19A /* Info.plist */ = {isa = PBXFileReference; lastKnownFileType = text.plist.xml; path = Info.plist; sourceTree = "<group>"; };
		6CF14FAA23174964003AB19A /* SwiftUIList WatchKit Extension.appex */ = {isa = PBXFileReference; explicitFileType = "wrapper.app-extension"; includeInIndex = 0; path = "SwiftUIList WatchKit Extension.appex"; sourceTree = BUILT_PRODUCTS_DIR; };
		6CF14FAF23174964003AB19A /* ContentView.swift */ = {isa = PBXFileReference; lastKnownFileType = sourcecode.swift; path = ContentView.swift; sourceTree = "<group>"; };
		6CF14FB123174964003AB19A /* HostingController.swift */ = {isa = PBXFileReference; lastKnownFileType = sourcecode.swift; path = HostingController.swift; sourceTree = "<group>"; };
		6CF14FB323174964003AB19A /* ExtensionDelegate.swift */ = {isa = PBXFileReference; lastKnownFileType = sourcecode.swift; path = ExtensionDelegate.swift; sourceTree = "<group>"; };
		6CF14FB523174965003AB19A /* Assets.xcassets */ = {isa = PBXFileReference; lastKnownFileType = folder.assetcatalog; path = Assets.xcassets; sourceTree = "<group>"; };
		6CF14FB823174965003AB19A /* Preview Assets.xcassets */ = {isa = PBXFileReference; lastKnownFileType = folder.assetcatalog; path = "Preview Assets.xcassets"; sourceTree = "<group>"; };
		6CF14FBA23174965003AB19A /* Info.plist */ = {isa = PBXFileReference; lastKnownFileType = text.plist.xml; path = Info.plist; sourceTree = "<group>"; };
/* End PBXFileReference section */

/* Begin PBXFrameworksBuildPhase section */
		6CF14FA723174964003AB19A /* Frameworks */ = {
			isa = PBXFrameworksBuildPhase;
			buildActionMask = 2147483647;
			files = (
			);
			runOnlyForDeploymentPostprocessing = 0;
		};
/* End PBXFrameworksBuildPhase section */

/* Begin PBXGroup section */
		6CF14F902317495F003AB19A = {
			isa = PBXGroup;
			children = (
				6CF14F9F2317495F003AB19A /* SwiftUIList WatchKit App */,
				6CF14FAE23174964003AB19A /* SwiftUIList WatchKit Extension */,
				6CF14F982317495F003AB19A /* Products */,
			);
			sourceTree = "<group>";
		};
		6CF14F982317495F003AB19A /* Products */ = {
			isa = PBXGroup;
			children = (
				6CF14F972317495F003AB19A /* SwiftUIList.app */,
				6CF14F9B2317495F003AB19A /* SwiftUIList WatchKit App.app */,
				6CF14FAA23174964003AB19A /* SwiftUIList WatchKit Extension.appex */,
			);
			name = Products;
			sourceTree = "<group>";
		};
		6CF14F9F2317495F003AB19A /* SwiftUIList WatchKit App */ = {
			isa = PBXGroup;
			children = (
				6CF14FA02317495F003AB19A /* Interface.storyboard */,
				6CF14FA323174964003AB19A /* Assets.xcassets */,
				6CF14FA523174964003AB19A /* Info.plist */,
			);
			path = "SwiftUIList WatchKit App";
			sourceTree = "<group>";
		};
		6CF14FAE23174964003AB19A /* SwiftUIList WatchKit Extension */ = {
			isa = PBXGroup;
			children = (
				6CF14FAF23174964003AB19A /* ContentView.swift */,
				6CF14FB123174964003AB19A /* HostingController.swift */,
				6CF14FB323174964003AB19A /* ExtensionDelegate.swift */,
				6CF14FB523174965003AB19A /* Assets.xcassets */,
				6CF14FBA23174965003AB19A /* Info.plist */,
				6CF14FB723174965003AB19A /* Preview Content */,
			);
			path = "SwiftUIList WatchKit Extension";
			sourceTree = "<group>";
		};
		6CF14FB723174965003AB19A /* Preview Content */ = {
			isa = PBXGroup;
			children = (
				6CF14FB823174965003AB19A /* Preview Assets.xcassets */,
			);
			path = "Preview Content";
			sourceTree = "<group>";
		};
/* End PBXGroup section */

/* Begin PBXNativeTarget section */
		6CF14F962317495F003AB19A /* SwiftUIList */ = {
			isa = PBXNativeTarget;
			buildConfigurationList = 6CF14FC523174965003AB19A /* Build configuration list for PBXNativeTarget "SwiftUIList" */;
			buildPhases = (
				6CF14F952317495F003AB19A /* Resources */,
				6CF14FC423174965003AB19A /* Embed Watch Content */,
			);
			buildRules = (
			);
			dependencies = (
				6CF14F9E2317495F003AB19A /* PBXTargetDependency */,
			);
			name = SwiftUIList;
			productName = SwiftUIList;
			productReference = 6CF14F972317495F003AB19A /* SwiftUIList.app */;
			productType = "com.apple.product-type.application.watchapp2-container";
		};
		6CF14F9A2317495F003AB19A /* SwiftUIList WatchKit App */ = {
			isa = PBXNativeTarget;
			buildConfigurationList = 6CF14FC123174965003AB19A /* Build configuration list for PBXNativeTarget "SwiftUIList WatchKit App" */;
			buildPhases = (
				6CF14F992317495F003AB19A /* Resources */,
				6CF14FC023174965003AB19A /* Embed App Extensions */,
			);
			buildRules = (
			);
			dependencies = (
				6CF14FAD23174964003AB19A /* PBXTargetDependency */,
			);
			name = "SwiftUIList WatchKit App";
			productName = "SwiftUIList WatchKit App";
			productReference = 6CF14F9B2317495F003AB19A /* SwiftUIList WatchKit App.app */;
			productType = "com.apple.product-type.application.watchapp2";
		};
		6CF14FA923174964003AB19A /* SwiftUIList WatchKit Extension */ = {
			isa = PBXNativeTarget;
			buildConfigurationList = 6CF14FBD23174965003AB19A /* Build configuration list for PBXNativeTarget "SwiftUIList WatchKit Extension" */;
			buildPhases = (
				6CF14FA623174964003AB19A /* Sources */,
				6CF14FA723174964003AB19A /* Frameworks */,
				6CF14FA823174964003AB19A /* Resources */,
			);
			buildRules = (
			);
			dependencies = (
			);
			name = "SwiftUIList WatchKit Extension";
			productName = "SwiftUIList WatchKit Extension";
			productReference = 6CF14FAA23174964003AB19A /* SwiftUIList WatchKit Extension.appex */;
			productType = "com.apple.product-type.watchkit2-extension";
		};
/* End PBXNativeTarget section */

/* Begin PBXProject section */
		6CF14F912317495F003AB19A /* Project object */ = {
			isa = PBXProject;
			attributes = {
				LastSwiftUpdateCheck = 1100;
				LastUpgradeCheck = 1100;
				ORGANIZATIONNAME = "Patrick Stevens";
				TargetAttributes = {
					6CF14F962317495F003AB19A = {
						CreatedOnToolsVersion = 11.0;
					};
					6CF14F9A2317495F003AB19A = {
						CreatedOnToolsVersion = 11.0;
					};
					6CF14FA923174964003AB19A = {
						CreatedOnToolsVersion = 11.0;
					};
				};
			};
			buildConfigurationList = 6CF14F942317495F003AB19A /* Build configuration list for PBXProject "SwiftUIList" */;
			compatibilityVersion = "Xcode 9.3";
			developmentRegion = en;
			hasScannedForEncodings = 0;
			knownRegions = (
				en,
				Base,
			);
			mainGroup = 6CF14F902317495F003AB19A;
			productRefGroup = 6CF14F982317495F003AB19A /* Products */;
			projectDirPath = "";
			projectRoot = "";
			targets = (
				6CF14F962317495F003AB19A /* SwiftUIList */,
				6CF14F9A2317495F003AB19A /* SwiftUIList WatchKit App */,
				6CF14FA923174964003AB19A /* SwiftUIList WatchKit Extension */,
			);
		};
/* End PBXProject section */

/* Begin PBXResourcesBuildPhase section */
		6CF14F952317495F003AB19A /* Resources */ = {
			isa = PBXResourcesBuildPhase;
			buildActionMask = 2147483647;
			files = (
			);
			runOnlyForDeploymentPostprocessing = 0;
		};
		6CF14F992317495F003AB19A /* Resources */ = {
			isa = PBXResourcesBuildPhase;
			buildActionMask = 2147483647;
			files = (
				6CF14FA423174964003AB19A /* Assets.xcassets in Resources */,
				6CF14FA22317495F003AB19A /* Interface.storyboard in Resources */,
			);
			runOnlyForDeploymentPostprocessing = 0;
		};
		6CF14FA823174964003AB19A /* Resources */ = {
			isa = PBXResourcesBuildPhase;
			buildActionMask = 2147483647;
			files = (
				6CF14FB923174965003AB19A /* Preview Assets.xcassets in Resources */,
				6CF14FB623174965003AB19A /* Assets.xcassets in Resources */,
			);
			runOnlyForDeploymentPostprocessing = 0;
		};
/* End PBXResourcesBuildPhase section */

/* Begin PBXSourcesBuildPhase section */
		6CF14FA623174964003AB19A /* Sources */ = {
			isa = PBXSourcesBuildPhase;
			buildActionMask = 2147483647;
			files = (
				6CF14FB223174964003AB19A /* HostingController.swift in Sources */,
				6CF14FB023174964003AB19A /* ContentView.swift in Sources */,
				6CF14FB423174964003AB19A /* ExtensionDelegate.swift in Sources */,
			);
			runOnlyForDeploymentPostprocessing = 0;
		};
/* End PBXSourcesBuildPhase section */

/* Begin PBXTargetDependency section */
		6CF14F9E2317495F003AB19A /* PBXTargetDependency */ = {
			isa = PBXTargetDependency;
			target = 6CF14F9A2317495F003AB19A /* SwiftUIList WatchKit App */;
			targetProxy = 6CF14F9D2317495F003AB19A /* PBXContainerItemProxy */;
		};
		6CF14FAD23174964003AB19A /* PBXTargetDependency */ = {
			isa = PBXTargetDependency;
			target = 6CF14FA923174964003AB19A /* SwiftUIList WatchKit Extension */;
			targetProxy = 6CF14FAC23174964003AB19A /* PBXContainerItemProxy */;
		};
/* End PBXTargetDependency section */

/* Begin PBXVariantGroup section */
		6CF14FA02317495F003AB19A /* Interface.storyboard */ = {
			isa = PBXVariantGroup;
			children = (
				6CF14FA12317495F003AB19A /* Base */,
			);
			name = Interface.storyboard;
			sourceTree = "<group>";
		};
/* End PBXVariantGroup section */

/* Begin XCBuildConfiguration section */
		6CF14FBB23174965003AB19A /* Debug */ = {
			isa = XCBuildConfiguration;
			buildSettings = {
				ALWAYS_SEARCH_USER_PATHS = NO;
				CLANG_ANALYZER_NONNULL = YES;
				CLANG_ANALYZER_NUMBER_OBJECT_CONVERSION = YES_AGGRESSIVE;
				CLANG_CXX_LANGUAGE_STANDARD = "gnu++14";
				CLANG_CXX_LIBRARY = "libc++";
				CLANG_ENABLE_MODULES = YES;
				CLANG_ENABLE_OBJC_ARC = YES;
				CLANG_ENABLE_OBJC_WEAK = YES;
				CLANG_WARN_BLOCK_CAPTURE_AUTORELEASING = YES;
				CLANG_WARN_BOOL_CONVERSION = YES;
				CLANG_WARN_COMMA = YES;
				CLANG_WARN_CONSTANT_CONVERSION = YES;
				CLANG_WARN_DEPRECATED_OBJC_IMPLEMENTATIONS = YES;
				CLANG_WARN_DIRECT_OBJC_ISA_USAGE = YES_ERROR;
				CLANG_WARN_DOCUMENTATION_COMMENTS = YES;
				CLANG_WARN_EMPTY_BODY = YES;
				CLANG_WARN_ENUM_CONVERSION = YES;
				CLANG_WARN_INFINITE_RECURSION = YES;
				CLANG_WARN_INT_CONVERSION = YES;
				CLANG_WARN_NON_LITERAL_NULL_CONVERSION = YES;
				CLANG_WARN_OBJC_IMPLICIT_RETAIN_SELF = YES;
				CLANG_WARN_OBJC_LITERAL_CONVERSION = YES;
				CLANG_WARN_OBJC_ROOT_CLASS = YES_ERROR;
				CLANG_WARN_RANGE_LOOP_ANALYSIS = YES;
				CLANG_WARN_STRICT_PROTOTYPES = YES;
				CLANG_WARN_SUSPICIOUS_MOVE = YES;
				CLANG_WARN_UNGUARDED_AVAILABILITY = YES_AGGRESSIVE;
				CLANG_WARN_UNREACHABLE_CODE = YES;
				CLANG_WARN__DUPLICATE_METHOD_MATCH = YES;
				COPY_PHASE_STRIP = NO;
				DEBUG_INFORMATION_FORMAT = dwarf;
				ENABLE_STRICT_OBJC_MSGSEND = YES;
				ENABLE_TESTABILITY = YES;
				GCC_C_LANGUAGE_STANDARD = gnu11;
				GCC_DYNAMIC_NO_PIC = NO;
				GCC_NO_COMMON_BLOCKS = YES;
				GCC_OPTIMIZATION_LEVEL = 0;
				GCC_PREPROCESSOR_DEFINITIONS = (
					"DEBUG=1",
					"$(inherited)",
				);
				GCC_WARN_64_TO_32_BIT_CONVERSION = YES;
				GCC_WARN_ABOUT_RETURN_TYPE = YES_ERROR;
				GCC_WARN_UNDECLARED_SELECTOR = YES;
				GCC_WARN_UNINITIALIZED_AUTOS = YES_AGGRESSIVE;
				GCC_WARN_UNUSED_FUNCTION = YES;
				GCC_WARN_UNUSED_VARIABLE = YES;
				MTL_ENABLE_DEBUG_INFO = INCLUDE_SOURCE;
				MTL_FAST_MATH = YES;
				ONLY_ACTIVE_ARCH = YES;
				SDKROOT = iphoneos;
				SWIFT_ACTIVE_COMPILATION_CONDITIONS = DEBUG;
				SWIFT_OPTIMIZATION_LEVEL = "-Onone";
			};
			name = Debug;
		};
		6CF14FBC23174965003AB19A /* Release */ = {
			isa = XCBuildConfiguration;
			buildSettings = {
				ALWAYS_SEARCH_USER_PATHS = NO;
				CLANG_ANALYZER_NONNULL = YES;
				CLANG_ANALYZER_NUMBER_OBJECT_CONVERSION = YES_AGGRESSIVE;
				CLANG_CXX_LANGUAGE_STANDARD = "gnu++14";
				CLANG_CXX_LIBRARY = "libc++";
				CLANG_ENABLE_MODULES = YES;
				CLANG_ENABLE_OBJC_ARC = YES;
				CLANG_ENABLE_OBJC_WEAK = YES;
				CLANG_WARN_BLOCK_CAPTURE_AUTORELEASING = YES;
				CLANG_WARN_BOOL_CONVERSION = YES;
				CLANG_WARN_COMMA = YES;
				CLANG_WARN_CONSTANT_CONVERSION = YES;
				CLANG_WARN_DEPRECATED_OBJC_IMPLEMENTATIONS = YES;
				CLANG_WARN_DIRECT_OBJC_ISA_USAGE = YES_ERROR;
				CLANG_WARN_DOCUMENTATION_COMMENTS = YES;
				CLANG_WARN_EMPTY_BODY = YES;
				CLANG_WARN_ENUM_CONVERSION = YES;
				CLANG_WARN_INFINITE_RECURSION = YES;
				CLANG_WARN_INT_CONVERSION = YES;
				CLANG_WARN_NON_LITERAL_NULL_CONVERSION = YES;
				CLANG_WARN_OBJC_IMPLICIT_RETAIN_SELF = YES;
				CLANG_WARN_OBJC_LITERAL_CONVERSION = YES;
				CLANG_WARN_OBJC_ROOT_CLASS = YES_ERROR;
				CLANG_WARN_RANGE_LOOP_ANALYSIS = YES;
				CLANG_WARN_STRICT_PROTOTYPES = YES;
				CLANG_WARN_SUSPICIOUS_MOVE = YES;
				CLANG_WARN_UNGUARDED_AVAILABILITY = YES_AGGRESSIVE;
				CLANG_WARN_UNREACHABLE_CODE = YES;
				CLANG_WARN__DUPLICATE_METHOD_MATCH = YES;
				COPY_PHASE_STRIP = NO;
				DEBUG_INFORMATION_FORMAT = "dwarf-with-dsym";
				ENABLE_NS_ASSERTIONS = NO;
				ENABLE_STRICT_OBJC_MSGSEND = YES;
				GCC_C_LANGUAGE_STANDARD = gnu11;
				GCC_NO_COMMON_BLOCKS = YES;
				GCC_WARN_64_TO_32_BIT_CONVERSION = YES;
				GCC_WARN_ABOUT_RETURN_TYPE = YES_ERROR;
				GCC_WARN_UNDECLARED_SELECTOR = YES;
				GCC_WARN_UNINITIALIZED_AUTOS = YES_AGGRESSIVE;
				GCC_WARN_UNUSED_FUNCTION = YES;
				GCC_WARN_UNUSED_VARIABLE = YES;
				MTL_ENABLE_DEBUG_INFO = NO;
				MTL_FAST_MATH = YES;
				SDKROOT = iphoneos;
				SWIFT_COMPILATION_MODE = wholemodule;
				SWIFT_OPTIMIZATION_LEVEL = "-O";
				VALIDATE_PRODUCT = YES;
			};
			name = Release;
		};
		6CF14FBE23174965003AB19A /* Debug */ = {
			isa = XCBuildConfiguration;
			buildSettings = {
				ASSETCATALOG_COMPILER_COMPLICATION_NAME = Complication;
				CODE_SIGN_STYLE = Automatic;
				DEVELOPMENT_ASSET_PATHS = "\"SwiftUIList WatchKit Extension/Preview Content\"";
				DEVELOPMENT_TEAM = 3A387KJK8G;
				ENABLE_PREVIEWS = YES;
				INFOPLIST_FILE = "SwiftUIList WatchKit Extension/Info.plist";
				LD_RUNPATH_SEARCH_PATHS = (
					"$(inherited)",
					"@executable_path/Frameworks",
					"@executable_path/../../Frameworks",
				);
				PRODUCT_BUNDLE_IDENTIFIER = com.Patrick.SwiftUIList.watchkitapp.watchkitextension;
				PRODUCT_NAME = "${TARGET_NAME}";
				SDKROOT = watchos;
				SKIP_INSTALL = YES;
				SWIFT_VERSION = 5.0;
				TARGETED_DEVICE_FAMILY = 4;
				WATCHOS_DEPLOYMENT_TARGET = 6.0;
			};
			name = Debug;
		};
		6CF14FBF23174965003AB19A /* Release */ = {
			isa = XCBuildConfiguration;
			buildSettings = {
				ASSETCATALOG_COMPILER_COMPLICATION_NAME = Complication;
				CODE_SIGN_STYLE = Automatic;
				DEVELOPMENT_ASSET_PATHS = "\"SwiftUIList WatchKit Extension/Preview Content\"";
				DEVELOPMENT_TEAM = 3A387KJK8G;
				ENABLE_PREVIEWS = YES;
				INFOPLIST_FILE = "SwiftUIList WatchKit Extension/Info.plist";
				LD_RUNPATH_SEARCH_PATHS = (
					"$(inherited)",
					"@executable_path/Frameworks",
					"@executable_path/../../Frameworks",
				);
				PRODUCT_BUNDLE_IDENTIFIER = com.Patrick.SwiftUIList.watchkitapp.watchkitextension;
				PRODUCT_NAME = "${TARGET_NAME}";
				SDKROOT = watchos;
				SKIP_INSTALL = YES;
				SWIFT_VERSION = 5.0;
				TARGETED_DEVICE_FAMILY = 4;
				WATCHOS_DEPLOYMENT_TARGET = 6.0;
			};
			name = Release;
		};
		6CF14FC223174965003AB19A /* Debug */ = {
			isa = XCBuildConfiguration;
			buildSettings = {
				ALWAYS_EMBED_SWIFT_STANDARD_LIBRARIES = YES;
				ASSETCATALOG_COMPILER_APPICON_NAME = AppIcon;
				CODE_SIGN_STYLE = Automatic;
				DEVELOPMENT_TEAM = 3A387KJK8G;
				IBSC_MODULE = SwiftUIList_WatchKit_Extension;
				INFOPLIST_FILE = "SwiftUIList WatchKit App/Info.plist";
				PRODUCT_BUNDLE_IDENTIFIER = com.Patrick.SwiftUIList.watchkitapp;
				PRODUCT_NAME = "$(TARGET_NAME)";
				SDKROOT = watchos;
				SKIP_INSTALL = YES;
				SWIFT_VERSION = 5.0;
				TARGETED_DEVICE_FAMILY = 4;
				WATCHOS_DEPLOYMENT_TARGET = 6.0;
			};
			name = Debug;
		};
		6CF14FC323174965003AB19A /* Release */ = {
			isa = XCBuildConfiguration;
			buildSettings = {
				ALWAYS_EMBED_SWIFT_STANDARD_LIBRARIES = YES;
				ASSETCATALOG_COMPILER_APPICON_NAME = AppIcon;
				CODE_SIGN_STYLE = Automatic;
				DEVELOPMENT_TEAM = 3A387KJK8G;
				IBSC_MODULE = SwiftUIList_WatchKit_Extension;
				INFOPLIST_FILE = "SwiftUIList WatchKit App/Info.plist";
				PRODUCT_BUNDLE_IDENTIFIER = com.Patrick.SwiftUIList.watchkitapp;
				PRODUCT_NAME = "$(TARGET_NAME)";
				SDKROOT = watchos;
				SKIP_INSTALL = YES;
				SWIFT_VERSION = 5.0;
				TARGETED_DEVICE_FAMILY = 4;
				WATCHOS_DEPLOYMENT_TARGET = 6.0;
			};
			name = Release;
		};
		6CF14FC623174965003AB19A /* Debug */ = {
			isa = XCBuildConfiguration;
			buildSettings = {
				CODE_SIGN_STYLE = Automatic;
				CURRENT_PROJECT_VERSION = 1;
				DEVELOPMENT_TEAM = 3A387KJK8G;
				MARKETING_VERSION = 1.0;
				PRODUCT_BUNDLE_IDENTIFIER = com.Patrick.SwiftUIList;
				PRODUCT_NAME = "$(TARGET_NAME)";
				SWIFT_VERSION = 5.0;
			};
			name = Debug;
		};
		6CF14FC723174965003AB19A /* Release */ = {
			isa = XCBuildConfiguration;
			buildSettings = {
				CODE_SIGN_STYLE = Automatic;
				CURRENT_PROJECT_VERSION = 1;
				DEVELOPMENT_TEAM = 3A387KJK8G;
				MARKETING_VERSION = 1.0;
				PRODUCT_BUNDLE_IDENTIFIER = com.Patrick.SwiftUIList;
				PRODUCT_NAME = "$(TARGET_NAME)";
				SWIFT_VERSION = 5.0;
			};
			name = Release;
		};
/* End XCBuildConfiguration section */

/* Begin XCConfigurationList section */
		6CF14F942317495F003AB19A /* Build configuration list for PBXProject "SwiftUIList" */ = {
			isa = XCConfigurationList;
			buildConfigurations = (
				6CF14FBB23174965003AB19A /* Debug */,
				6CF14FBC23174965003AB19A /* Release */,
			);
			defaultConfigurationIsVisible = 0;
			defaultConfigurationName = Release;
		};
		6CF14FBD23174965003AB19A /* Build configuration list for PBXNativeTarget "SwiftUIList WatchKit Extension" */ = {
			isa = XCConfigurationList;
			buildConfigurations = (
				6CF14FBE23174965003AB19A /* Debug */,
				6CF14FBF23174965003AB19A /* Release */,
			);
			defaultConfigurationIsVisible = 0;
			defaultConfigurationName = Release;
		};
		6CF14FC123174965003AB19A /* Build configuration list for PBXNativeTarget "SwiftUIList WatchKit App" */ = {
			isa = XCConfigurationList;
			buildConfigurations = (
				6CF14FC223174965003AB19A /* Debug */,
				6CF14FC323174965003AB19A /* Release */,
			);
			defaultConfigurationIsVisible = 0;
			defaultConfigurationName = Release;
		};
		6CF14FC523174965003AB19A /* Build configuration list for PBXNativeTarget "SwiftUIList" */ = {
			isa = XCConfigurationList;
			buildConfigurations = (
				6CF14FC623174965003AB19A /* Debug */,
				6CF14FC723174965003AB19A /* Release */,
			);
			defaultConfigurationIsVisible = 0;
			defaultConfigurationName = Release;
		};
/* End XCConfigurationList section */
	};
	rootObject = 6CF14F912317495F003AB19A /* Project object */;
}
